
Microsoft Visual Studio Solution File, Format Version 12.00
# Visual Studio Version 17
VisualStudioVersion = 17.12.35527.113 d17.12
MinimumVisualStudioVersion = 10.0.40219.1
Project("{FAE04EC0-301F-11D3-BF4B-00C04F79EFBC}") = "otherServices", "otherServices\otherServices.csproj", "{CC80C4BA-63A2-4C0A-A45A-45380FAC9094}"
EndProject
Global
	GlobalSection(SolutionConfigurationPlatforms) = preSolution
		Debug|Any CPU = Debug|Any CPU
		Release|Any CPU = Release|Any CPU
	EndGlobalSection
	GlobalSection(ProjectConfigurationPlatforms) = postSolution
		{CC80C4BA-63A2-4C0A-A45A-45380FAC9094}.Debug|Any CPU.ActiveCfg = Debug|Any CPU
		{CC80C4BA-63A2-4C0A-A45A-45380FAC9094}.Debug|Any CPU.Build.0 = Debug|Any CPU
		{CC80C4BA-63A2-4C0A-A45A-45380FAC9094}.Release|Any CPU.ActiveCfg = Release|Any CPU
		{CC80C4BA-63A2-4C0A-A45A-45380FAC9094}.Release|Any CPU.Build.0 = Release|Any CPU
	EndGlobalSection
	GlobalSection(SolutionProperties) = preSolution
		HideSolutionNode = FALSE
	EndGlobalSection
EndGlobal
